{
  "name": "task-engine-workspace",
  "lockfileVersion": 3,
  "requires": true,
  "packages": {
    "": {
      "name": "task-engine-workspace",
      "license": "MIT",
      "workspaces": [
        "packages/*"
      ],
      "devDependencies": {
        "typescript": "5.9.3"
      },
      "engines": {
        "node": ">=20"
      }
    },
    "node_modules/@yuqgnort/taskloom": {
      "resolved": "packages/core",
      "link": true
    },
    "node_modules/@yuqgnort/taskloom-kernel": {
      "resolved": "packages/kernel",
      "link": true
    },
    "node_modules/@yuqgnort/taskloom-plugins": {
      "resolved": "packages/plugins",
      "link": true
    },
    "node_modules/typescript": {
      "version": "5.9.3",
      "resolved": "https://registry.npmjs.org/typescript/-/typescript-5.9.3.tgz",
      "integrity": "sha512-jl1vZzPDinLr9eUt3J/t7V6FgNEw9QjvBPdysz9KfQDD41fQrC2Y4vKQdiaUpFT4bXlb1RHhLpp8wtm6M5TgSw==",
      "dev": true,
      "license": "Apache-2.0",
      "bin": {
        "tsc": "bin/tsc",
        "tsserver": "bin/tsserver"
      },
      "engines": {
        "node": ">=14.17"
      }
    },
    "packages/core": {
      "name": "@yuqgnort/taskloom",
      "version": "0.1.0",
      "license": "MIT",
      "dependencies": {
        "@yuqgnort/taskloom-kernel": "0.1.0",
        "@yuqgnort/taskloom-plugins": "0.1.0"
      },
      "engines": {
        "node": ">=20"
      }
    },
    "packages/kernel": {
      "name": "@yuqgnort/taskloom-kernel",
      "version": "0.1.0",
      "license": "MIT",
      "engines": {
        "node": ">=20"
      }
    },
    "packages/plugins": {
      "name": "@yuqgnort/taskloom-plugins",
      "version": "0.1.0",
      "license": "MIT",
      "dependencies": {
        "@yuqgnort/taskloom-kernel": "0.1.0"
      },
      "engines": {
        "node": ">=20"
      }
    }
  }
}
